
Microsoft Visual Studio Solution File, Format Version 12.00
# Visual Studio Version 17
VisualStudioVersion = 17.7.34221.43
MinimumVisualStudioVersion = 10.0.40219.1
Project("{FAE04EC0-301F-11D3-BF4B-00C04F79EFBC}") = "Bot_Translate", "Bot_Translate.csproj", "{87D3BF85-A15F-40A8-A62C-3F1084577453}"
EndProject
Global
	GlobalSection(SolutionConfigurationPlatforms) = preSolution
		Debug|Any CPU = Debug|Any CPU
		Release|Any CPU = Release|Any CPU
	EndGlobalSection
	GlobalSection(ProjectConfigurationPlatforms) = postSolution
		{87D3BF85-A15F-40A8-A62C-3F1084577453}.Debug|Any CPU.ActiveCfg = Debug|Any CPU
		{87D3BF85-A15F-40A8-A62C-3F1084577453}.Debug|Any CPU.Build.0 = Debug|Any CPU
		{87D3BF85-A15F-40A8-A62C-3F1084577453}.Release|Any CPU.ActiveCfg = Release|Any CPU
		{87D3BF85-A15F-40A8-A62C-3F1084577453}.Release|Any CPU.Build.0 = Release|Any CPU
	EndGlobalSection
	GlobalSection(SolutionProperties) = preSolution
		HideSolutionNode = FALSE
	EndGlobalSection
	GlobalSection(ExtensibilityGlobals) = postSolution
		SolutionGuid = {A111C009-8D23-4CA8-BF11-37AD0BB6FCB7}
	EndGlobalSection
EndGlobal
